
Microsoft Visual Studio Solution File, Format Version 12.00
# Visual Studio Version 17
VisualStudioVersion = 17.9.34728.123
MinimumVisualStudioVersion = 10.0.40219.1
Project("{FAE04EC0-301F-11D3-BF4B-00C04F79EFBC}") = "ShinyCicadaBookstoreAPI", "ShinyCicadaBookstoreAPI\ShinyCicadaBookstoreAPI.csproj", "{5A5971A5-CC7B-46F6-B575-2133DC45C3EA}"
EndProject
Global
	GlobalSection(SolutionConfigurationPlatforms) = preSolution
		Debug|Any CPU = Debug|Any CPU
		Release|Any CPU = Release|Any CPU
	EndGlobalSection
	GlobalSection(ProjectConfigurationPlatforms) = postSolution
		{5A5971A5-CC7B-46F6-B575-2133DC45C3EA}.Debug|Any CPU.ActiveCfg = Debug|Any CPU
		{5A5971A5-CC7B-46F6-B575-2133DC45C3EA}.Debug|Any CPU.Build.0 = Debug|Any CPU
		{5A5971A5-CC7B-46F6-B575-2133DC45C3EA}.Release|Any CPU.ActiveCfg = Release|Any CPU
		{5A5971A5-CC7B-46F6-B575-2133DC45C3EA}.Release|Any CPU.Build.0 = Release|Any CPU
	EndGlobalSection
	GlobalSection(SolutionProperties) = preSolution
		HideSolutionNode = FALSE
	EndGlobalSection
	GlobalSection(ExtensibilityGlobals) = postSolution
		SolutionGuid = {5738D8A0-E75F-4FFB-888A-C07C6620046B}
	EndGlobalSection
EndGlobal
